
Microsoft Visual Studio Solution File, Format Version 12.00
# Visual Studio Version 17
VisualStudioVersion = 17.3.32819.101
MinimumVisualStudioVersion = 10.0.40219.1
Project("{9A19103F-16F7-4668-BE54-9A1E7A4F7556}") = "GorillaTank", "GorillaTank\GorillaTank.csproj", "{0CE2B517-0BEE-4265-B6C9-9FCE9F9126C8}"
EndProject
Project("{FAE04EC0-301F-11D3-BF4B-00C04F79EFBC}") = "GorillaTankMapLoader", "GorillaTankMapLoader\GorillaTankMapLoader.csproj", "{4F5C19EA-1BED-4531-AB1C-B8E195F1FE3C}"
EndProject
Global
	GlobalSection(SolutionConfigurationPlatforms) = preSolution
		Debug|Any CPU = Debug|Any CPU
		Release|Any CPU = Release|Any CPU
	EndGlobalSection
	GlobalSection(ProjectConfigurationPlatforms) = postSolution
		{0CE2B517-0BEE-4265-B6C9-9FCE9F9126C8}.Debug|Any CPU.ActiveCfg = Debug|Any CPU
		{0CE2B517-0BEE-4265-B6C9-9FCE9F9126C8}.Debug|Any CPU.Build.0 = Debug|Any CPU
		{0CE2B517-0BEE-4265-B6C9-9FCE9F9126C8}.Release|Any CPU.ActiveCfg = Release|Any CPU
		{0CE2B517-0BEE-4265-B6C9-9FCE9F9126C8}.Release|Any CPU.Build.0 = Release|Any CPU
		{4F5C19EA-1BED-4531-AB1C-B8E195F1FE3C}.Debug|Any CPU.ActiveCfg = Debug|Any CPU
		{4F5C19EA-1BED-4531-AB1C-B8E195F1FE3C}.Debug|Any CPU.Build.0 = Debug|Any CPU
		{4F5C19EA-1BED-4531-AB1C-B8E195F1FE3C}.Release|Any CPU.ActiveCfg = Release|Any CPU
		{4F5C19EA-1BED-4531-AB1C-B8E195F1FE3C}.Release|Any CPU.Build.0 = Release|Any CPU
	EndGlobalSection
	GlobalSection(SolutionProperties) = preSolution
		HideSolutionNode = FALSE
	EndGlobalSection
	GlobalSection(ExtensibilityGlobals) = postSolution
		SolutionGuid = {4B2730EA-2BBA-477E-8930-C650D2DE8F98}
	EndGlobalSection
EndGlobal
